
Microsoft Visual Studio Solution File, Format Version 12.00
# Visual Studio 2012
Project("{FAE04EC0-301F-11D3-BF4B-00C04F79EFBC}") = "02-simple-store", "02-simple-store\02-simple-store.csproj", "{A32E0E04-E6CC-43B3-B8BE-1321181C1F61}"
EndProject
Global
	GlobalSection(SolutionConfigurationPlatforms) = preSolution
		Debug|x86 = Debug|x86
		Release|x86 = Release|x86
	EndGlobalSection
	GlobalSection(ProjectConfigurationPlatforms) = postSolution
		{A32E0E04-E6CC-43B3-B8BE-1321181C1F61}.Debug|x86.ActiveCfg = Debug|x86
		{A32E0E04-E6CC-43B3-B8BE-1321181C1F61}.Debug|x86.Build.0 = Debug|x86
		{A32E0E04-E6CC-43B3-B8BE-1321181C1F61}.Release|x86.ActiveCfg = Release|x86
		{A32E0E04-E6CC-43B3-B8BE-1321181C1F61}.Release|x86.Build.0 = Release|x86
	EndGlobalSection
EndGlobal
