
Microsoft Visual Studio Solution File, Format Version 12.00
# Visual Studio 2012
Project("{FAE04EC0-301F-11D3-BF4B-00C04F79EFBC}") = "01-inheritance", "01-inheritance\01-inheritance.csproj", "{7F050275-7190-4CD2-AA45-FCC52B5C1D30}"
EndProject
Global
	GlobalSection(SolutionConfigurationPlatforms) = preSolution
		Debug|x86 = Debug|x86
		Release|x86 = Release|x86
	EndGlobalSection
	GlobalSection(ProjectConfigurationPlatforms) = postSolution
		{7F050275-7190-4CD2-AA45-FCC52B5C1D30}.Debug|x86.ActiveCfg = Debug|x86
		{7F050275-7190-4CD2-AA45-FCC52B5C1D30}.Debug|x86.Build.0 = Debug|x86
		{7F050275-7190-4CD2-AA45-FCC52B5C1D30}.Release|x86.ActiveCfg = Release|x86
		{7F050275-7190-4CD2-AA45-FCC52B5C1D30}.Release|x86.Build.0 = Release|x86
	EndGlobalSection
EndGlobal
